PODS:
  - Kingfisher (4.0.1)
  - SwiftyJSON (3.1.4)

DEPENDENCIES:
  - Kingfisher
  - SwiftyJSON

SPEC CHECKSUMS:
  Kingfisher: b771785e9461ed4b8686d40e7145f9e58100cb24
  SwiftyJSON: c2842d878f95482ffceec5709abc3d05680c0220

PODFILE CHECKSUM: 21a71a522a293c1494a96add130879a08e87c594

COCOAPODS: 1.3.1
